
Microsoft Visual Studio Solution File, Format Version 12.00
# Visual Studio 15
VisualStudioVersion = 15.0.27428.2037
MinimumVisualStudioVersion = 10.0.40219.1
Project("{FAE04EC0-301F-11D3-BF4B-00C04F79EFBC}") = "Bitirme", "Bitirme\Bitirme.csproj", "{20B52E86-CFF0-46A4-BF5C-26A03CEF404B}"
EndProject
Global
	GlobalSection(SolutionConfigurationPlatforms) = preSolution
		Debug|Any CPU = Debug|Any CPU
		Release|Any CPU = Release|Any CPU
	EndGlobalSection
	GlobalSection(ProjectConfigurationPlatforms) = postSolution
		{20B52E86-CFF0-46A4-BF5C-26A03CEF404B}.Debug|Any CPU.ActiveCfg = Debug|Any CPU
		{20B52E86-CFF0-46A4-BF5C-26A03CEF404B}.Debug|Any CPU.Build.0 = Debug|Any CPU
		{20B52E86-CFF0-46A4-BF5C-26A03CEF404B}.Release|Any CPU.ActiveCfg = Release|Any CPU
		{20B52E86-CFF0-46A4-BF5C-26A03CEF404B}.Release|Any CPU.Build.0 = Release|Any CPU
	EndGlobalSection
	GlobalSection(SolutionProperties) = preSolution
		HideSolutionNode = FALSE
	EndGlobalSection
	GlobalSection(ExtensibilityGlobals) = postSolution
		SolutionGuid = {F0BFFD98-0464-4137-A9D4-E04C8DDFCBC7}
	EndGlobalSection
EndGlobal
